
Microsoft Visual Studio Solution File, Format Version 12.00
# Visual Studio 2013
VisualStudioVersion = 12.0.40629.0
MinimumVisualStudioVersion = 10.0.40219.1
Project("{FAE04EC0-301F-11D3-BF4B-00C04F79EFBC}") = "KorteksKantar", "KorteksKantar\KorteksKantar.csproj", "{13F5C68E-99A7-4A8E-AE98-A320A0568E9D}"
EndProject
Project("{FAE04EC0-301F-11D3-BF4B-00C04F79EFBC}") = "Kantar_b", "Kantar_b\Kantar_b.csproj", "{0C0E8D9E-A0D0-4080-ABB6-2F31E8E0F12B}"
EndProject
Global
	GlobalSection(SolutionConfigurationPlatforms) = preSolution
		Debug|Any CPU = Debug|Any CPU
		Release|Any CPU = Release|Any CPU
	EndGlobalSection
	GlobalSection(ProjectConfigurationPlatforms) = postSolution
		{13F5C68E-99A7-4A8E-AE98-A320A0568E9D}.Debug|Any CPU.ActiveCfg = Debug|Any CPU
		{13F5C68E-99A7-4A8E-AE98-A320A0568E9D}.Debug|Any CPU.Build.0 = Debug|Any CPU
		{13F5C68E-99A7-4A8E-AE98-A320A0568E9D}.Release|Any CPU.ActiveCfg = Release|Any CPU
		{13F5C68E-99A7-4A8E-AE98-A320A0568E9D}.Release|Any CPU.Build.0 = Release|Any CPU
		{0C0E8D9E-A0D0-4080-ABB6-2F31E8E0F12B}.Debug|Any CPU.ActiveCfg = Debug|Any CPU
		{0C0E8D9E-A0D0-4080-ABB6-2F31E8E0F12B}.Debug|Any CPU.Build.0 = Debug|Any CPU
		{0C0E8D9E-A0D0-4080-ABB6-2F31E8E0F12B}.Release|Any CPU.ActiveCfg = Release|Any CPU
		{0C0E8D9E-A0D0-4080-ABB6-2F31E8E0F12B}.Release|Any CPU.Build.0 = Release|Any CPU
	EndGlobalSection
	GlobalSection(SolutionProperties) = preSolution
		HideSolutionNode = FALSE
	EndGlobalSection
EndGlobal
